
Microsoft Visual Studio Solution File, Format Version 12.00
Project("{FAE04EC0-301F-11D3-BF4B-00C04F79EFBC}") = "Translate", "Translate\Translate.csproj", "{0F40ECDF-3784-409A-810B-F2AABD87AD99}"
EndProject
Project("{2150E333-8FDC-42A3-9474-1A3956D46DE8}") = "src", "src", "{1C4AE4FD-EF76-4EF1-9C6B-2E9DC17BCB12}"
EndProject
Global
	GlobalSection(SolutionConfigurationPlatforms) = preSolution
		Debug|Any CPU = Debug|Any CPU
		Release|Any CPU = Release|Any CPU
	EndGlobalSection
	GlobalSection(ProjectConfigurationPlatforms) = postSolution
		{0F40ECDF-3784-409A-810B-F2AABD87AD99}.Debug|Any CPU.ActiveCfg = Debug|Any CPU
		{0F40ECDF-3784-409A-810B-F2AABD87AD99}.Debug|Any CPU.Build.0 = Debug|Any CPU
		{0F40ECDF-3784-409A-810B-F2AABD87AD99}.Release|Any CPU.ActiveCfg = Release|Any CPU
		{0F40ECDF-3784-409A-810B-F2AABD87AD99}.Release|Any CPU.Build.0 = Release|Any CPU
	EndGlobalSection
	GlobalSection(NestedProjects) = preSolution
		{0F40ECDF-3784-409A-810B-F2AABD87AD99} = {1C4AE4FD-EF76-4EF1-9C6B-2E9DC17BCB12}
	EndGlobalSection
EndGlobal
